// !$*UTF8*$!
{
	archiveVersion = 1;
	classes = {
	};
	objectVersion = 50;
	objects = {

/* Begin PBXBuildFile section */
		968C19FC242F6C4E00D3E75A /* AppDelegate.swift in Sources */ = {isa = PBXBuildFile; fileRef = 968C19FB242F6C4E00D3E75A /* AppDelegate.swift */; };
		968C19FE242F6C4E00D3E75A /* ViewController.swift in Sources */ = {isa = PBXBuildFile; fileRef = 968C19FD242F6C4E00D3E75A /* ViewController.swift */; };
		968C1A00242F6C5000D3E75A /* Assets.xcassets in Resources */ = {isa = PBXBuildFile; fileRef = 968C19FF242F6C5000D3E75A /* Assets.xcassets */; };
		968C1A03242F6C5000D3E75A /* Main.storyboard in Resources */ = {isa = PBXBuildFile; fileRef = 968C1A01242F6C5000D3E75A /* Main.storyboard */; };
		968C1A10242F75EB00D3E75A /* SourceViewController.swift in Sources */ = {isa = PBXBuildFile; fileRef = 968C1A0F242F75EB00D3E75A /* SourceViewController.swift */; };
		968C1A12242F75FE00D3E75A /* DetailViewController.swift in Sources */ = {isa = PBXBuildFile; fileRef = 968C1A11242F75FE00D3E75A /* DetailViewController.swift */; };
/* End PBXBuildFile section */

/* Begin PBXFileReference section */
		968C19F8242F6C4E00D3E75A /* SplitViewDemo.app */ = {isa = PBXFileReference; explicitFileType = wrapper.application; includeInIndex = 0; path = SplitViewDemo.app; sourceTree = BUILT_PRODUCTS_DIR; };
		968C19FB242F6C4E00D3E75A /* AppDelegate.swift */ = {isa = PBXFileReference; lastKnownFileType = sourcecode.swift; path = AppDelegate.swift; sourceTree = "<group>"; };
		968C19FD242F6C4E00D3E75A /* ViewController.swift */ = {isa = PBXFileReference; lastKnownFileType = sourcecode.swift; path = ViewController.swift; sourceTree = "<group>"; };
		968C19FF242F6C5000D3E75A /* Assets.xcassets */ = {isa = PBXFileReference; lastKnownFileType = folder.assetcatalog; path = Assets.xcassets; sourceTree = "<group>"; };
		968C1A02242F6C5000D3E75A /* Base */ = {isa = PBXFileReference; lastKnownFileType = file.storyboard; name = Base; path = Base.lproj/Main.storyboard; sourceTree = "<group>"; };
		968C1A04242F6C5000D3E75A /* Info.plist */ = {isa = PBXFileReference; lastKnownFileType = text.plist.xml; path = Info.plist; sourceTree = "<group>"; };
		968C1A05242F6C5000D3E75A /* SplitViewDemo.entitlements */ = {isa = PBXFileReference; lastKnownFileType = text.plist.entitlements; path = SplitViewDemo.entitlements; sourceTree = "<group>"; };
		968C1A0F242F75EB00D3E75A /* SourceViewController.swift */ = {isa = PBXFileReference; lastKnownFileType = sourcecode.swift; path = SourceViewController.swift; sourceTree = "<group>"; };
		968C1A11242F75FE00D3E75A /* DetailViewController.swift */ = {isa = PBXFileReference; lastKnownFileType = sourcecode.swift; path = DetailViewController.swift; sourceTree = "<group>"; };
/* End PBXFileReference section */

/* Begin PBXFrameworksBuildPhase section */
		968C19F5242F6C4E00D3E75A /* Frameworks */ = {
			isa = PBXFrameworksBuildPhase;
			buildActionMask = 2147483647;
			files = (
			);
			runOnlyForDeploymentPostprocessing = 0;
		};
/* End PBXFrameworksBuildPhase section */

/* Begin PBXGroup section */
		968C19EF242F6C4E00D3E75A = {
			isa = PBXGroup;
			children = (
				968C19FA242F6C4E00D3E75A /* SplitViewDemo */,
				968C19F9242F6C4E00D3E75A /* Products */,
			);
			sourceTree = "<group>";
		};
		968C19F9242F6C4E00D3E75A /* Products */ = {
			isa = PBXGroup;
			children = (
				968C19F8242F6C4E00D3E75A /* SplitViewDemo.app */,
			);
			name = Products;
			sourceTree = "<group>";
		};
		968C19FA242F6C4E00D3E75A /* SplitViewDemo */ = {
			isa = PBXGroup;
			children = (
				968C19FB242F6C4E00D3E75A /* AppDelegate.swift */,
				968C19FD242F6C4E00D3E75A /* ViewController.swift */,
				968C19FF242F6C5000D3E75A /* Assets.xcassets */,
				968C1A01242F6C5000D3E75A /* Main.storyboard */,
				968C1A0F242F75EB00D3E75A /* SourceViewController.swift */,
				968C1A11242F75FE00D3E75A /* DetailViewController.swift */,
				968C1A04242F6C5000D3E75A /* Info.plist */,
				968C1A05242F6C5000D3E75A /* SplitViewDemo.entitlements */,
			);
			path = SplitViewDemo;
			sourceTree = "<group>";
		};
/* End PBXGroup section */

/* Begin PBXNativeTarget section */
		968C19F7242F6C4E00D3E75A /* SplitViewDemo */ = {
			isa = PBXNativeTarget;
			buildConfigurationList = 968C1A08242F6C5000D3E75A /* Build configuration list for PBXNativeTarget "SplitViewDemo" */;
			buildPhases = (
				968C19F4242F6C4E00D3E75A /* Sources */,
				968C19F5242F6C4E00D3E75A /* Frameworks */,
				968C19F6242F6C4E00D3E75A /* Resources */,
			);
			buildRules = (
			);
			dependencies = (
			);
			name = SplitViewDemo;
			productName = SplitViewDemo;
			productReference = 968C19F8242F6C4E00D3E75A /* SplitViewDemo.app */;
			productType = "com.apple.product-type.application";
		};
/* End PBXNativeTarget section */

/* Begin PBXProject section */
		968C19F0242F6C4E00D3E75A /* Project object */ = {
			isa = PBXProject;
			attributes = {
				LastSwiftUpdateCheck = 1140;
				LastUpgradeCheck = 1140;
				ORGANIZATIONNAME = jiangrenandu;
				TargetAttributes = {
					968C19F7242F6C4E00D3E75A = {
						CreatedOnToolsVersion = 11.4;
					};
				};
			};
			buildConfigurationList = 968C19F3242F6C4E00D3E75A /* Build configuration list for PBXProject "SplitViewDemo" */;
			compatibilityVersion = "Xcode 9.3";
			developmentRegion = en;
			hasScannedForEncodings = 0;
			knownRegions = (
				en,
				Base,
			);
			mainGroup = 968C19EF242F6C4E00D3E75A;
			productRefGroup = 968C19F9242F6C4E00D3E75A /* Products */;
			projectDirPath = "";
			projectRoot = "";
			targets = (
				968C19F7242F6C4E00D3E75A /* SplitViewDemo */,
			);
		};
/* End PBXProject section */

/* Begin PBXResourcesBuildPhase section */
		968C19F6242F6C4E00D3E75A /* Resources */ = {
			isa = PBXResourcesBuildPhase;
			buildActionMask = 2147483647;
			files = (
				968C1A00242F6C5000D3E75A /* Assets.xcassets in Resources */,
				968C1A03242F6C5000D3E75A /* Main.storyboard in Resources */,
			);
			runOnlyForDeploymentPostprocessing = 0;
		};
/* End PBXResourcesBuildPhase section */

/* Begin PBXSourcesBuildPhase section */
		968C19F4242F6C4E00D3E75A /* Sources */ = {
			isa = PBXSourcesBuildPhase;
			buildActionMask = 2147483647;
			files = (
				968C19FE242F6C4E00D3E75A /* ViewController.swift in Sources */,
				968C19FC242F6C4E00D3E75A /* AppDelegate.swift in Sources */,
				968C1A10242F75EB00D3E75A /* SourceViewController.swift in Sources */,
				968C1A12242F75FE00D3E75A /* DetailViewController.swift in Sources */,
			);
			runOnlyForDeploymentPostprocessing = 0;
		};
/* End PBXSourcesBuildPhase section */

/* Begin PBXVariantGroup section */
		968C1A01242F6C5000D3E75A /* Main.storyboard */ = {
			isa = PBXVariantGroup;
			children = (
				968C1A02242F6C5000D3E75A /* Base */,
			);
			name = Main.storyboard;
			sourceTree = "<group>";
		};
/* End PBXVariantGroup section */

/* Begin XCBuildConfiguration section */
		968C1A06242F6C5000D3E75A /* Debug */ = {
			isa = XCBuildConfiguration;
			buildSettings = {
				ALWAYS_SEARCH_USER_PATHS = NO;
				CLANG_ANALYZER_NONNULL = YES;
				CLANG_ANALYZER_NUMBER_OBJECT_CONVERSION = YES_AGGRESSIVE;
				CLANG_CXX_LANGUAGE_STANDARD = "gnu++14";
				CLANG_CXX_LIBRARY = "libc++";
				CLANG_ENABLE_MODULES = YES;
				CLANG_ENABLE_OBJC_ARC = YES;
				CLANG_ENABLE_OBJC_WEAK = YES;
				CLANG_WARN_BLOCK_CAPTURE_AUTORELEASING = YES;
				CLANG_WARN_BOOL_CONVERSION = YES;
				CLANG_WARN_COMMA = YES;
				CLANG_WARN_CONSTANT_CONVERSION = YES;
				CLANG_WARN_DEPRECATED_OBJC_IMPLEMENTATIONS = YES;
				CLANG_WARN_DIRECT_OBJC_ISA_USAGE = YES_ERROR;
				CLANG_WARN_DOCUMENTATION_COMMENTS = YES;
				CLANG_WARN_EMPTY_BODY = YES;
				CLANG_WARN_ENUM_CONVERSION = YES;
				CLANG_WARN_INFINITE_RECURSION = YES;
				CLANG_WARN_INT_CONVERSION = YES;
				CLANG_WARN_NON_LITERAL_NULL_CONVERSION = YES;
				CLANG_WARN_OBJC_IMPLICIT_RETAIN_SELF = YES;
				CLANG_WARN_OBJC_LITERAL_CONVERSION = YES;
				CLANG_WARN_OBJC_ROOT_CLASS = YES_ERROR;
				CLANG_WARN_RANGE_LOOP_ANALYSIS = YES;
				CLANG_WARN_STRICT_PROTOTYPES = YES;
				CLANG_WARN_SUSPICIOUS_MOVE = YES;
				CLANG_WARN_UNGUARDED_AVAILABILITY = YES_AGGRESSIVE;
				CLANG_WARN_UNREACHABLE_CODE = YES;
				CLANG_WARN__DUPLICATE_METHOD_MATCH = YES;
				COPY_PHASE_STRIP = NO;
				DEBUG_INFORMATION_FORMAT = dwarf;
				ENABLE_STRICT_OBJC_MSGSEND = YES;
				ENABLE_TESTABILITY = YES;
				GCC_C_LANGUAGE_STANDARD = gnu11;
				GCC_DYNAMIC_NO_PIC = NO;
				GCC_NO_COMMON_BLOCKS = YES;
				GCC_OPTIMIZATION_LEVEL = 0;
				GCC_PREPROCESSOR_DEFINITIONS = (
					"DEBUG=1",
					"$(inherited)",
				);
				GCC_WARN_64_TO_32_BIT_CONVERSION = YES;
				GCC_WARN_ABOUT_RETURN_TYPE = YES_ERROR;
				GCC_WARN_UNDECLARED_SELECTOR = YES;
				GCC_WARN_UNINITIALIZED_AUTOS = YES_AGGRESSIVE;
				GCC_WARN_UNUSED_FUNCTION = YES;
				GCC_WARN_UNUSED_VARIABLE = YES;
				MACOSX_DEPLOYMENT_TARGET = 10.15;
				MTL_ENABLE_DEBUG_INFO = INCLUDE_SOURCE;
				MTL_FAST_MATH = YES;
				ONLY_ACTIVE_ARCH = YES;
				SDKROOT = macosx;
				SWIFT_ACTIVE_COMPILATION_CONDITIONS = DEBUG;
				SWIFT_OPTIMIZATION_LEVEL = "-Onone";
			};
			name = Debug;
		};
		968C1A07242F6C5000D3E75A /* Release */ = {
			isa = XCBuildConfiguration;
			buildSettings = {
				ALWAYS_SEARCH_USER_PATHS = NO;
				CLANG_ANALYZER_NONNULL = YES;
				CLANG_ANALYZER_NUMBER_OBJECT_CONVERSION = YES_AGGRESSIVE;
				CLANG_CXX_LANGUAGE_STANDARD = "gnu++14";
				CLANG_CXX_LIBRARY = "libc++";
				CLANG_ENABLE_MODULES = YES;
				CLANG_ENABLE_OBJC_ARC = YES;
				CLANG_ENABLE_OBJC_WEAK = YES;
				CLANG_WARN_BLOCK_CAPTURE_AUTORELEASING = YES;
				CLANG_WARN_BOOL_CONVERSION = YES;
				CLANG_WARN_COMMA = YES;
				CLANG_WARN_CONSTANT_CONVERSION = YES;
				CLANG_WARN_DEPRECATED_OBJC_IMPLEMENTATIONS = YES;
				CLANG_WARN_DIRECT_OBJC_ISA_USAGE = YES_ERROR;
				CLANG_WARN_DOCUMENTATION_COMMENTS = YES;
				CLANG_WARN_EMPTY_BODY = YES;
				CLANG_WARN_ENUM_CONVERSION = YES;
				CLANG_WARN_INFINITE_RECURSION = YES;
				CLANG_WARN_INT_CONVERSION = YES;
				CLANG_WARN_NON_LITERAL_NULL_CONVERSION = YES;
				CLANG_WARN_OBJC_IMPLICIT_RETAIN_SELF = YES;
				CLANG_WARN_OBJC_LITERAL_CONVERSION = YES;
				CLANG_WARN_OBJC_ROOT_CLASS = YES_ERROR;
				CLANG_WARN_RANGE_LOOP_ANALYSIS = YES;
				CLANG_WARN_STRICT_PROTOTYPES = YES;
				CLANG_WARN_SUSPICIOUS_MOVE = YES;
				CLANG_WARN_UNGUARDED_AVAILABILITY = YES_AGGRESSIVE;
				CLANG_WARN_UNREACHABLE_CODE = YES;
				CLANG_WARN__DUPLICATE_METHOD_MATCH = YES;
				COPY_PHASE_STRIP = NO;
				DEBUG_INFORMATION_FORMAT = "dwarf-with-dsym";
				ENABLE_NS_ASSERTIONS = NO;
				ENABLE_STRICT_OBJC_MSGSEND = YES;
				GCC_C_LANGUAGE_STANDARD = gnu11;
				GCC_NO_COMMON_BLOCKS = YES;
				GCC_WARN_64_TO_32_BIT_CONVERSION = YES;
				GCC_WARN_ABOUT_RETURN_TYPE = YES_ERROR;
				GCC_WARN_UNDECLARED_SELECTOR = YES;
				GCC_WARN_UNINITIALIZED_AUTOS = YES_AGGRESSIVE;
				GCC_WARN_UNUSED_FUNCTION = YES;
				GCC_WARN_UNUSED_VARIABLE = YES;
				MACOSX_DEPLOYMENT_TARGET = 10.15;
				MTL_ENABLE_DEBUG_INFO = NO;
				MTL_FAST_MATH = YES;
				SDKROOT = macosx;
				SWIFT_COMPILATION_MODE = wholemodule;
				SWIFT_OPTIMIZATION_LEVEL = "-O";
			};
			name = Release;
		};
		968C1A09242F6C5000D3E75A /* Debug */ = {
			isa = XCBuildConfiguration;
			buildSettings = {
				ASSETCATALOG_COMPILER_APPICON_NAME = AppIcon;
				CODE_SIGN_ENTITLEMENTS = SplitViewDemo/SplitViewDemo.entitlements;
				CODE_SIGN_STYLE = Automatic;
				COMBINE_HIDPI_IMAGES = YES;
				INFOPLIST_FILE = SplitViewDemo/Info.plist;
				LD_RUNPATH_SEARCH_PATHS = (
					"$(inherited)",
					"@executable_path/../Frameworks",
				);
				PRODUCT_BUNDLE_IDENTIFIER = com.jiangrenandu.SplitViewDemo;
				PRODUCT_NAME = "$(TARGET_NAME)";
				SWIFT_VERSION = 5.0;
			};
			name = Debug;
		};
		968C1A0A242F6C5000D3E75A /* Release */ = {
			isa = XCBuildConfiguration;
			buildSettings = {
				ASSETCATALOG_COMPILER_APPICON_NAME = AppIcon;
				CODE_SIGN_ENTITLEMENTS = SplitViewDemo/SplitViewDemo.entitlements;
				CODE_SIGN_STYLE = Automatic;
				COMBINE_HIDPI_IMAGES = YES;
				INFOPLIST_FILE = SplitViewDemo/Info.plist;
				LD_RUNPATH_SEARCH_PATHS = (
					"$(inherited)",
					"@executable_path/../Frameworks",
				);
				PRODUCT_BUNDLE_IDENTIFIER = com.jiangrenandu.SplitViewDemo;
				PRODUCT_NAME = "$(TARGET_NAME)";
				SWIFT_VERSION = 5.0;
			};
			name = Release;
		};
/* End XCBuildConfiguration section */

/* Begin XCConfigurationList section */
		968C19F3242F6C4E00D3E75A /* Build configuration list for PBXProject "SplitViewDemo" */ = {
			isa = XCConfigurationList;
			buildConfigurations = (
				968C1A06242F6C5000D3E75A /* Debug */,
				968C1A07242F6C5000D3E75A /* Release */,
			);
			defaultConfigurationIsVisible = 0;
			defaultConfigurationName = Release;
		};
		968C1A08242F6C5000D3E75A /* Build configuration list for PBXNativeTarget "SplitViewDemo" */ = {
			isa = XCConfigurationList;
			buildConfigurations = (
				968C1A09242F6C5000D3E75A /* Debug */,
				968C1A0A242F6C5000D3E75A /* Release */,
			);
			defaultConfigurationIsVisible = 0;
			defaultConfigurationName = Release;
		};
/* End XCConfigurationList section */
	};
	rootObject = 968C19F0242F6C4E00D3E75A /* Project object */;
}
